
Microsoft Visual Studio Solution File, Format Version 11.00
# Visual C++ Express 2010
Project("{8BC9CEB8-8B4A-11D0-8D11-00A0C91BC942}") = "Motion detection", "Motion detection\Motion detection.vcxproj", "{479BB48D-65A7-4DC6-A7D9-A75C0D5704B3}"
EndProject
Global
	GlobalSection(SolutionConfigurationPlatforms) = preSolution
		Debug|Win32 = Debug|Win32
		Release|Win32 = Release|Win32
	EndGlobalSection
	GlobalSection(ProjectConfigurationPlatforms) = postSolution
		{479BB48D-65A7-4DC6-A7D9-A75C0D5704B3}.Debug|Win32.ActiveCfg = Debug|Win32
		{479BB48D-65A7-4DC6-A7D9-A75C0D5704B3}.Debug|Win32.Build.0 = Debug|Win32
		{479BB48D-65A7-4DC6-A7D9-A75C0D5704B3}.Release|Win32.ActiveCfg = Release|Win32
		{479BB48D-65A7-4DC6-A7D9-A75C0D5704B3}.Release|Win32.Build.0 = Release|Win32
	EndGlobalSection
	GlobalSection(SolutionProperties) = preSolution
		HideSolutionNode = FALSE
	EndGlobalSection
EndGlobal
